
Microsoft Visual Studio Solution File, Format Version 12.00
# Visual Studio Version 17
VisualStudioVersion = 17.14.36121.58 d17.14
MinimumVisualStudioVersion = 10.0.40219.1
Project("{FAE04EC0-301F-11D3-BF4B-00C04F79EFBC}") = "Akademy_Task", "Akademy_Task\Akademy_Task.csproj", "{1E2A24C5-513C-447B-A457-5943661CCCE7}"
EndProject
Global
	GlobalSection(SolutionConfigurationPlatforms) = preSolution
		Debug|Any CPU = Debug|Any CPU
		Release|Any CPU = Release|Any CPU
	EndGlobalSection
	GlobalSection(ProjectConfigurationPlatforms) = postSolution
		{1E2A24C5-513C-447B-A457-5943661CCCE7}.Debug|Any CPU.ActiveCfg = Debug|Any CPU
		{1E2A24C5-513C-447B-A457-5943661CCCE7}.Debug|Any CPU.Build.0 = Debug|Any CPU
		{1E2A24C5-513C-447B-A457-5943661CCCE7}.Release|Any CPU.ActiveCfg = Release|Any CPU
		{1E2A24C5-513C-447B-A457-5943661CCCE7}.Release|Any CPU.Build.0 = Release|Any CPU
	EndGlobalSection
	GlobalSection(SolutionProperties) = preSolution
		HideSolutionNode = FALSE
	EndGlobalSection
	GlobalSection(ExtensibilityGlobals) = postSolution
		SolutionGuid = {F719B395-872A-49F1-85E2-3E18C84321AC}
	EndGlobalSection
EndGlobal
